PODS:
  - SampleInvestments (0.1.0)
  - SwiftGen (6.5.1)
  - SwiftLint (0.46.5)

DEPENDENCIES:
  - SampleInvestments (from `./`)
  - SwiftGen (= 6.5.1)
  - SwiftLint

SPEC REPOS:
  trunk:
    - SwiftGen
    - SwiftLint

EXTERNAL SOURCES:
  SampleInvestments:
    :path: "./"

SPEC CHECKSUMS:
  SampleInvestments: 05683235e63450f818d0a207db7ff0d2d65be8fe
  SwiftGen: a6d22010845f08fe18fbdf3a07a8e380fd22e0ea
  SwiftLint: 2c16e8fa99dac2e440dc0c70ea74d2532048f6cf

PODFILE CHECKSUM: dc1b4f70018a2cec56aff306925db46c6a9f3b37

COCOAPODS: 1.10.2
