PODS:
  - SwiftGen (6.5.1)
  - SwiftLint (0.46.5)
  - VIP (0.1.0)

DEPENDENCIES:
  - SwiftGen (= 6.5.1)
  - SwiftLint
  - VIP (from `./`)

SPEC REPOS:
  trunk:
    - SwiftGen
    - SwiftLint

EXTERNAL SOURCES:
  VIP:
    :path: "./"

SPEC CHECKSUMS:
  SwiftGen: a6d22010845f08fe18fbdf3a07a8e380fd22e0ea
  SwiftLint: 2c16e8fa99dac2e440dc0c70ea74d2532048f6cf
  VIP: df38b0c35d7d5eb3695a3ba57dc85ea8e45759b2

PODFILE CHECKSUM: e754f03978100cb1ebddc9b38a6283bfb76e733a

COCOAPODS: 1.10.2
