PODS:
  - Prototype (0.1.0)
  - SwiftGen (6.5.1)
  - SwiftLint (0.46.5)

DEPENDENCIES:
  - Prototype (from `./`)
  - SwiftGen (= 6.5.1)
  - SwiftLint

SPEC REPOS:
  trunk:
    - SwiftGen
    - SwiftLint

EXTERNAL SOURCES:
  Prototype:
    :path: "./"

SPEC CHECKSUMS:
  Prototype: c2c4923f34cf23f67e25b66987497b3ae38e7d7f
  SwiftGen: a6d22010845f08fe18fbdf3a07a8e380fd22e0ea
  SwiftLint: 2c16e8fa99dac2e440dc0c70ea74d2532048f6cf

PODFILE CHECKSUM: 068a6b4594d3ffd6b46d4a19e3bb5956bc01b16a

COCOAPODS: 1.10.2
